
Microsoft Visual Studio Solution File, Format Version 12.00
# Visual Studio 2013
VisualStudioVersion = 12.0.21005.1
MinimumVisualStudioVersion = 10.0.40219.1
Project("{FAE04EC0-301F-11D3-BF4B-00C04F79EFBC}") = "BuildDoc", "BuildDoc\BuildDoc.csproj", "{B723C4D1-5E43-44DF-BCC6-5D99124417B5}"
EndProject
Project("{FAE04EC0-301F-11D3-BF4B-00C04F79EFBC}") = "Common", "Common\Common.csproj", "{731B583C-F2E4-471F-A22B-5D5E1EDA8462}"
EndProject
Project("{FAE04EC0-301F-11D3-BF4B-00C04F79EFBC}") = "BuildDoc.Web", "BuildDoc.Web\BuildDoc.Web.csproj", "{D2A8FBB2-6DDA-440E-B659-BF6B4D996778}"
EndProject
Global
	GlobalSection(SolutionConfigurationPlatforms) = preSolution
		Debug|Any CPU = Debug|Any CPU
		Release|Any CPU = Release|Any CPU
	EndGlobalSection
	GlobalSection(ProjectConfigurationPlatforms) = postSolution
		{B723C4D1-5E43-44DF-BCC6-5D99124417B5}.Debug|Any CPU.ActiveCfg = Debug|Any CPU
		{B723C4D1-5E43-44DF-BCC6-5D99124417B5}.Debug|Any CPU.Build.0 = Debug|Any CPU
		{B723C4D1-5E43-44DF-BCC6-5D99124417B5}.Release|Any CPU.ActiveCfg = Release|Any CPU
		{B723C4D1-5E43-44DF-BCC6-5D99124417B5}.Release|Any CPU.Build.0 = Release|Any CPU
		{731B583C-F2E4-471F-A22B-5D5E1EDA8462}.Debug|Any CPU.ActiveCfg = Debug|Any CPU
		{731B583C-F2E4-471F-A22B-5D5E1EDA8462}.Debug|Any CPU.Build.0 = Debug|Any CPU
		{731B583C-F2E4-471F-A22B-5D5E1EDA8462}.Release|Any CPU.ActiveCfg = Release|Any CPU
		{731B583C-F2E4-471F-A22B-5D5E1EDA8462}.Release|Any CPU.Build.0 = Release|Any CPU
		{D2A8FBB2-6DDA-440E-B659-BF6B4D996778}.Debug|Any CPU.ActiveCfg = Debug|Any CPU
		{D2A8FBB2-6DDA-440E-B659-BF6B4D996778}.Debug|Any CPU.Build.0 = Debug|Any CPU
		{D2A8FBB2-6DDA-440E-B659-BF6B4D996778}.Release|Any CPU.ActiveCfg = Release|Any CPU
		{D2A8FBB2-6DDA-440E-B659-BF6B4D996778}.Release|Any CPU.Build.0 = Release|Any CPU
	EndGlobalSection
	GlobalSection(SolutionProperties) = preSolution
		HideSolutionNode = FALSE
	EndGlobalSection
EndGlobal
